{
  "requires": true,
  "lockfileVersion": 1,
  "dependencies": {
    "object-assign": {
      "version": "2.1.1",
      "resolved": "https://registry.npmjs.org/object-assign/-/object-assign-2.1.1.tgz",
      "integrity": "sha1-Q8NuXVaf+OSBbE76i+AtJpZ8GKo="
    },
    "react-button": {
      "version": "1.2.1",
      "resolved": "https://registry.npmjs.org/react-button/-/react-button-1.2.1.tgz",
      "integrity": "sha1-xDHRWzuF5FDK7WmwBlh96DtploI=",
      "requires": {
        "object-assign": "^2.0.0",
        "react-style-normalizer": "^1.1.5"
      }
    },
    "react-style-normalizer": {
      "version": "1.2.8",
      "resolved": "https://registry.npmjs.org/react-style-normalizer/-/react-style-normalizer-1.2.8.tgz",
      "integrity": "sha1-foSz0lzqYiVUXFr2iWOyJYhTRKI="
    }
  }
}
